// !$*UTF8*$!
{
	archiveVersion = 1;
	classes = {
	};
	objectVersion = 56;
	objects = {

/* Begin PBXBuildFile section */
		661F3FA928FF7EC900A15415 /* AppDelegate.swift in Sources */ = {isa = PBXBuildFile; fileRef = 661F3FA828FF7EC900A15415 /* AppDelegate.swift */; };
		661F3FAB28FF7EC900A15415 /* SceneDelegate.swift in Sources */ = {isa = PBXBuildFile; fileRef = 661F3FAA28FF7EC900A15415 /* SceneDelegate.swift */; };
		661F3FAD28FF7EC900A15415 /* ViewController.swift in Sources */ = {isa = PBXBuildFile; fileRef = 661F3FAC28FF7EC900A15415 /* ViewController.swift */; };
		661F3FB028FF7EC900A15415 /* Main.storyboard in Resources */ = {isa = PBXBuildFile; fileRef = 661F3FAE28FF7EC900A15415 /* Main.storyboard */; };
		661F3FB228FF7ECB00A15415 /* Assets.xcassets in Resources */ = {isa = PBXBuildFile; fileRef = 661F3FB128FF7ECB00A15415 /* Assets.xcassets */; };
		661F3FB528FF7ECB00A15415 /* LaunchScreen.storyboard in Resources */ = {isa = PBXBuildFile; fileRef = 661F3FB328FF7ECB00A15415 /* LaunchScreen.storyboard */; };
		669682E62904E5740001915B /* GameViewController.swift in Sources */ = {isa = PBXBuildFile; fileRef = 669682E52904E5740001915B /* GameViewController.swift */; };
		669682E82904E5A50001915B /* NextUserViewController.swift in Sources */ = {isa = PBXBuildFile; fileRef = 669682E72904E5A50001915B /* NextUserViewController.swift */; };
		669682EA2904E5D00001915B /* ResultViewController.swift in Sources */ = {isa = PBXBuildFile; fileRef = 669682E92904E5D00001915B /* ResultViewController.swift */; };
		669682EC2904E5FE0001915B /* EndViewController.swift in Sources */ = {isa = PBXBuildFile; fileRef = 669682EB2904E5FE0001915B /* EndViewController.swift */; };
		669682EE2904E6320001915B /* StartViewController.swift in Sources */ = {isa = PBXBuildFile; fileRef = 669682ED2904E6320001915B /* StartViewController.swift */; };
		669682F02904E6410001915B /* UserNameViewController.swift in Sources */ = {isa = PBXBuildFile; fileRef = 669682EF2904E6410001915B /* UserNameViewController.swift */; };
		669682F2290557810001915B /* SecondGameViewController.swift in Sources */ = {isa = PBXBuildFile; fileRef = 669682F1290557810001915B /* SecondGameViewController.swift */; };
		66C7278129138AF9000730D6 /* TimeCheckViewController.swift in Sources */ = {isa = PBXBuildFile; fileRef = 66C7278029138AF9000730D6 /* TimeCheckViewController.swift */; };
		CB54E9A93B5F9F4B02A0FEE6 /* Pods_stop_relation.framework in Frameworks */ = {isa = PBXBuildFile; fileRef = 22946D154D8EBBAEEDD7102C /* Pods_stop_relation.framework */; };
/* End PBXBuildFile section */

/* Begin PBXFileReference section */
		0C40C62992884D7C3B88E0F8 /* Pods-stop relation.debug.xcconfig */ = {isa = PBXFileReference; includeInIndex = 1; lastKnownFileType = text.xcconfig; name = "Pods-stop relation.debug.xcconfig"; path = "Target Support Files/Pods-stop relation/Pods-stop relation.debug.xcconfig"; sourceTree = "<group>"; };
		13171A1EDC0C1226F49D797B /* Pods-stop relation.release.xcconfig */ = {isa = PBXFileReference; includeInIndex = 1; lastKnownFileType = text.xcconfig; name = "Pods-stop relation.release.xcconfig"; path = "Target Support Files/Pods-stop relation/Pods-stop relation.release.xcconfig"; sourceTree = "<group>"; };
		22946D154D8EBBAEEDD7102C /* Pods_stop_relation.framework */ = {isa = PBXFileReference; explicitFileType = wrapper.framework; includeInIndex = 0; path = Pods_stop_relation.framework; sourceTree = BUILT_PRODUCTS_DIR; };
		661F3FA528FF7EC900A15415 /* stop relation.app */ = {isa = PBXFileReference; explicitFileType = wrapper.application; includeInIndex = 0; path = "stop relation.app"; sourceTree = BUILT_PRODUCTS_DIR; };
		661F3FA828FF7EC900A15415 /* AppDelegate.swift */ = {isa = PBXFileReference; lastKnownFileType = sourcecode.swift; path = AppDelegate.swift; sourceTree = "<group>"; };
		661F3FAA28FF7EC900A15415 /* SceneDelegate.swift */ = {isa = PBXFileReference; lastKnownFileType = sourcecode.swift; path = SceneDelegate.swift; sourceTree = "<group>"; };
		661F3FAC28FF7EC900A15415 /* ViewController.swift */ = {isa = PBXFileReference; lastKnownFileType = sourcecode.swift; path = ViewController.swift; sourceTree = "<group>"; };
		661F3FAF28FF7EC900A15415 /* Base */ = {isa = PBXFileReference; lastKnownFileType = file.storyboard; name = Base; path = Base.lproj/Main.storyboard; sourceTree = "<group>"; };
		661F3FB128FF7ECB00A15415 /* Assets.xcassets */ = {isa = PBXFileReference; lastKnownFileType = folder.assetcatalog; path = Assets.xcassets; sourceTree = "<group>"; };
		661F3FB428FF7ECB00A15415 /* Base */ = {isa = PBXFileReference; lastKnownFileType = file.storyboard; name = Base; path = Base.lproj/LaunchScreen.storyboard; sourceTree = "<group>"; };
		661F3FB628FF7ECB00A15415 /* Info.plist */ = {isa = PBXFileReference; lastKnownFileType = text.plist.xml; path = Info.plist; sourceTree = "<group>"; };
		669682E52904E5740001915B /* GameViewController.swift */ = {isa = PBXFileReference; lastKnownFileType = sourcecode.swift; path = GameViewController.swift; sourceTree = "<group>"; };
		669682E72904E5A50001915B /* NextUserViewController.swift */ = {isa = PBXFileReference; lastKnownFileType = sourcecode.swift; path = NextUserViewController.swift; sourceTree = "<group>"; };
		669682E92904E5D00001915B /* ResultViewController.swift */ = {isa = PBXFileReference; lastKnownFileType = sourcecode.swift; path = ResultViewController.swift; sourceTree = "<group>"; };
		669682EB2904E5FE0001915B /* EndViewController.swift */ = {isa = PBXFileReference; lastKnownFileType = sourcecode.swift; path = EndViewController.swift; sourceTree = "<group>"; };
		669682ED2904E6320001915B /* StartViewController.swift */ = {isa = PBXFileReference; lastKnownFileType = sourcecode.swift; path = StartViewController.swift; sourceTree = "<group>"; };
		669682EF2904E6410001915B /* UserNameViewController.swift */ = {isa = PBXFileReference; lastKnownFileType = sourcecode.swift; path = UserNameViewController.swift; sourceTree = "<group>"; };
		669682F1290557810001915B /* SecondGameViewController.swift */ = {isa = PBXFileReference; lastKnownFileType = sourcecode.swift; path = SecondGameViewController.swift; sourceTree = "<group>"; };
		66C7278029138AF9000730D6 /* TimeCheckViewController.swift */ = {isa = PBXFileReference; lastKnownFileType = sourcecode.swift; path = TimeCheckViewController.swift; sourceTree = "<group>"; };
		66C7278229139C2D000730D6 /* ja */ = {isa = PBXFileReference; lastKnownFileType = text.plist.strings; name = ja; path = ja.lproj/Main.strings; sourceTree = "<group>"; };
		66C7278329139C2D000730D6 /* ja */ = {isa = PBXFileReference; lastKnownFileType = text.plist.strings; name = ja; path = ja.lproj/LaunchScreen.strings; sourceTree = "<group>"; };
/* End PBXFileReference section */

/* Begin PBXFrameworksBuildPhase section */
		661F3FA228FF7EC900A15415 /* Frameworks */ = {
			isa = PBXFrameworksBuildPhase;
			buildActionMask = 2147483647;
			files = (
				CB54E9A93B5F9F4B02A0FEE6 /* Pods_stop_relation.framework in Frameworks */,
			);
			runOnlyForDeploymentPostprocessing = 0;
		};
/* End PBXFrameworksBuildPhase section */

/* Begin PBXGroup section */
		496B29B68FC0DB8FA947D56C /* Pods */ = {
			isa = PBXGroup;
			children = (
				0C40C62992884D7C3B88E0F8 /* Pods-stop relation.debug.xcconfig */,
				13171A1EDC0C1226F49D797B /* Pods-stop relation.release.xcconfig */,
			);
			path = Pods;
			sourceTree = "<group>";
		};
		4DDFDE8CA0CAD8E7E39A6463 /* Frameworks */ = {
			isa = PBXGroup;
			children = (
				22946D154D8EBBAEEDD7102C /* Pods_stop_relation.framework */,
			);
			name = Frameworks;
			sourceTree = "<group>";
		};
		661F3F9C28FF7EC900A15415 = {
			isa = PBXGroup;
			children = (
				661F3FA728FF7EC900A15415 /* stop relation */,
				661F3FA628FF7EC900A15415 /* Products */,
				496B29B68FC0DB8FA947D56C /* Pods */,
				4DDFDE8CA0CAD8E7E39A6463 /* Frameworks */,
			);
			sourceTree = "<group>";
		};
		661F3FA628FF7EC900A15415 /* Products */ = {
			isa = PBXGroup;
			children = (
				661F3FA528FF7EC900A15415 /* stop relation.app */,
			);
			name = Products;
			sourceTree = "<group>";
		};
		661F3FA728FF7EC900A15415 /* stop relation */ = {
			isa = PBXGroup;
			children = (
				661F3FA828FF7EC900A15415 /* AppDelegate.swift */,
				661F3FAA28FF7EC900A15415 /* SceneDelegate.swift */,
				661F3FAC28FF7EC900A15415 /* ViewController.swift */,
				669682EF2904E6410001915B /* UserNameViewController.swift */,
				669682ED2904E6320001915B /* StartViewController.swift */,
				669682E52904E5740001915B /* GameViewController.swift */,
				669682E72904E5A50001915B /* NextUserViewController.swift */,
				669682F1290557810001915B /* SecondGameViewController.swift */,
				669682EB2904E5FE0001915B /* EndViewController.swift */,
				669682E92904E5D00001915B /* ResultViewController.swift */,
				661F3FAE28FF7EC900A15415 /* Main.storyboard */,
				66C7278029138AF9000730D6 /* TimeCheckViewController.swift */,
				661F3FB128FF7ECB00A15415 /* Assets.xcassets */,
				661F3FB328FF7ECB00A15415 /* LaunchScreen.storyboard */,
				661F3FB628FF7ECB00A15415 /* Info.plist */,
			);
			path = "stop relation";
			sourceTree = "<group>";
		};
/* End PBXGroup section */

/* Begin PBXNativeTarget section */
		661F3FA428FF7EC900A15415 /* stop relation */ = {
			isa = PBXNativeTarget;
			buildConfigurationList = 661F3FB928FF7ECB00A15415 /* Build configuration list for PBXNativeTarget "stop relation" */;
			buildPhases = (
				26059969DA31E5A5CA8CECA9 /* [CP] Check Pods Manifest.lock */,
				661F3FA128FF7EC900A15415 /* Sources */,
				661F3FA228FF7EC900A15415 /* Frameworks */,
				661F3FA328FF7EC900A15415 /* Resources */,
				082965D99A58304B47D7304C /* [CP] Embed Pods Frameworks */,
			);
			buildRules = (
			);
			dependencies = (
			);
			name = "stop relation";
			productName = "stop relation";
			productReference = 661F3FA528FF7EC900A15415 /* stop relation.app */;
			productType = "com.apple.product-type.application";
		};
/* End PBXNativeTarget section */

/* Begin PBXProject section */
		661F3F9D28FF7EC900A15415 /* Project object */ = {
			isa = PBXProject;
			attributes = {
				BuildIndependentTargetsInParallel = 1;
				LastSwiftUpdateCheck = 1400;
				LastUpgradeCheck = 1400;
				TargetAttributes = {
					661F3FA428FF7EC900A15415 = {
						CreatedOnToolsVersion = 14.0.1;
					};
				};
			};
			buildConfigurationList = 661F3FA028FF7EC900A15415 /* Build configuration list for PBXProject "stop relation" */;
			compatibilityVersion = "Xcode 14.0";
			developmentRegion = en;
			hasScannedForEncodings = 0;
			knownRegions = (
				en,
				Base,
				ja,
			);
			mainGroup = 661F3F9C28FF7EC900A15415;
			productRefGroup = 661F3FA628FF7EC900A15415 /* Products */;
			projectDirPath = "";
			projectRoot = "";
			targets = (
				661F3FA428FF7EC900A15415 /* stop relation */,
			);
		};
/* End PBXProject section */

/* Begin PBXResourcesBuildPhase section */
		661F3FA328FF7EC900A15415 /* Resources */ = {
			isa = PBXResourcesBuildPhase;
			buildActionMask = 2147483647;
			files = (
				661F3FB528FF7ECB00A15415 /* LaunchScreen.storyboard in Resources */,
				661F3FB228FF7ECB00A15415 /* Assets.xcassets in Resources */,
				661F3FB028FF7EC900A15415 /* Main.storyboard in Resources */,
			);
			runOnlyForDeploymentPostprocessing = 0;
		};
/* End PBXResourcesBuildPhase section */

/* Begin PBXShellScriptBuildPhase section */
		082965D99A58304B47D7304C /* [CP] Embed Pods Frameworks */ = {
			isa = PBXShellScriptBuildPhase;
			buildActionMask = 2147483647;
			files = (
			);
			inputFileListPaths = (
				"${PODS_ROOT}/Target Support Files/Pods-stop relation/Pods-stop relation-frameworks-${CONFIGURATION}-input-files.xcfilelist",
			);
			name = "[CP] Embed Pods Frameworks";
			outputFileListPaths = (
				"${PODS_ROOT}/Target Support Files/Pods-stop relation/Pods-stop relation-frameworks-${CONFIGURATION}-output-files.xcfilelist",
			);
			runOnlyForDeploymentPostprocessing = 0;
			shellPath = /bin/sh;
			shellScript = "\"${PODS_ROOT}/Target Support Files/Pods-stop relation/Pods-stop relation-frameworks.sh\"\n";
			showEnvVarsInLog = 0;
		};
		26059969DA31E5A5CA8CECA9 /* [CP] Check Pods Manifest.lock */ = {
			isa = PBXShellScriptBuildPhase;
			buildActionMask = 2147483647;
			files = (
			);
			inputFileListPaths = (
			);
			inputPaths = (
				"${PODS_PODFILE_DIR_PATH}/Podfile.lock",
				"${PODS_ROOT}/Manifest.lock",
			);
			name = "[CP] Check Pods Manifest.lock";
			outputFileListPaths = (
			);
			outputPaths = (
				"$(DERIVED_FILE_DIR)/Pods-stop relation-checkManifestLockResult.txt",
			);
			runOnlyForDeploymentPostprocessing = 0;
			shellPath = /bin/sh;
			shellScript = "diff \"${PODS_PODFILE_DIR_PATH}/Podfile.lock\" \"${PODS_ROOT}/Manifest.lock\" > /dev/null\nif [ $? != 0 ] ; then\n    # print error to STDERR\n    echo \"error: The sandbox is not in sync with the Podfile.lock. Run 'pod install' or update your CocoaPods installation.\" >&2\n    exit 1\nfi\n# This output is used by Xcode 'outputs' to avoid re-running this script phase.\necho \"SUCCESS\" > \"${SCRIPT_OUTPUT_FILE_0}\"\n";
			showEnvVarsInLog = 0;
		};
/* End PBXShellScriptBuildPhase section */

/* Begin PBXSourcesBuildPhase section */
		661F3FA128FF7EC900A15415 /* Sources */ = {
			isa = PBXSourcesBuildPhase;
			buildActionMask = 2147483647;
			files = (
				661F3FAD28FF7EC900A15415 /* ViewController.swift in Sources */,
				669682EE2904E6320001915B /* StartViewController.swift in Sources */,
				669682F2290557810001915B /* SecondGameViewController.swift in Sources */,
				661F3FA928FF7EC900A15415 /* AppDelegate.swift in Sources */,
				669682E62904E5740001915B /* GameViewController.swift in Sources */,
				66C7278129138AF9000730D6 /* TimeCheckViewController.swift in Sources */,
				669682F02904E6410001915B /* UserNameViewController.swift in Sources */,
				669682EC2904E5FE0001915B /* EndViewController.swift in Sources */,
				661F3FAB28FF7EC900A15415 /* SceneDelegate.swift in Sources */,
				669682E82904E5A50001915B /* NextUserViewController.swift in Sources */,
				669682EA2904E5D00001915B /* ResultViewController.swift in Sources */,
			);
			runOnlyForDeploymentPostprocessing = 0;
		};
/* End PBXSourcesBuildPhase section */

/* Begin PBXVariantGroup section */
		661F3FAE28FF7EC900A15415 /* Main.storyboard */ = {
			isa = PBXVariantGroup;
			children = (
				661F3FAF28FF7EC900A15415 /* Base */,
				66C7278229139C2D000730D6 /* ja */,
			);
			name = Main.storyboard;
			sourceTree = "<group>";
		};
		661F3FB328FF7ECB00A15415 /* LaunchScreen.storyboard */ = {
			isa = PBXVariantGroup;
			children = (
				661F3FB428FF7ECB00A15415 /* Base */,
				66C7278329139C2D000730D6 /* ja */,
			);
			name = LaunchScreen.storyboard;
			sourceTree = "<group>";
		};
/* End PBXVariantGroup section */

/* Begin XCBuildConfiguration section */
		661F3FB728FF7ECB00A15415 /* Debug */ = {
			isa = XCBuildConfiguration;
			buildSettings = {
				ALWAYS_SEARCH_USER_PATHS = NO;
				CLANG_ANALYZER_LOCALIZABILITY_NONLOCALIZED = YES;
				CLANG_ANALYZER_NONNULL = YES;
				CLANG_ANALYZER_NUMBER_OBJECT_CONVERSION = YES_AGGRESSIVE;
				CLANG_CXX_LANGUAGE_STANDARD = "gnu++20";
				CLANG_ENABLE_MODULES = YES;
				CLANG_ENABLE_OBJC_ARC = YES;
				CLANG_ENABLE_OBJC_WEAK = YES;
				CLANG_WARN_BLOCK_CAPTURE_AUTORELEASING = YES;
				CLANG_WARN_BOOL_CONVERSION = YES;
				CLANG_WARN_COMMA = YES;
				CLANG_WARN_CONSTANT_CONVERSION = YES;
				CLANG_WARN_DEPRECATED_OBJC_IMPLEMENTATIONS = YES;
				CLANG_WARN_DIRECT_OBJC_ISA_USAGE = YES_ERROR;
				CLANG_WARN_DOCUMENTATION_COMMENTS = YES;
				CLANG_WARN_EMPTY_BODY = YES;
				CLANG_WARN_ENUM_CONVERSION = YES;
				CLANG_WARN_INFINITE_RECURSION = YES;
				CLANG_WARN_INT_CONVERSION = YES;
				CLANG_WARN_NON_LITERAL_NULL_CONVERSION = YES;
				CLANG_WARN_OBJC_IMPLICIT_RETAIN_SELF = YES;
				CLANG_WARN_OBJC_LITERAL_CONVERSION = YES;
				CLANG_WARN_OBJC_ROOT_CLASS = YES_ERROR;
				CLANG_WARN_QUOTED_INCLUDE_IN_FRAMEWORK_HEADER = YES;
				CLANG_WARN_RANGE_LOOP_ANALYSIS = YES;
				CLANG_WARN_STRICT_PROTOTYPES = YES;
				CLANG_WARN_SUSPICIOUS_MOVE = YES;
				CLANG_WARN_UNGUARDED_AVAILABILITY = YES_AGGRESSIVE;
				CLANG_WARN_UNREACHABLE_CODE = YES;
				CLANG_WARN__DUPLICATE_METHOD_MATCH = YES;
				COPY_PHASE_STRIP = NO;
				DEBUG_INFORMATION_FORMAT = dwarf;
				ENABLE_STRICT_OBJC_MSGSEND = YES;
				ENABLE_TESTABILITY = YES;
				GCC_C_LANGUAGE_STANDARD = gnu11;
				GCC_DYNAMIC_NO_PIC = NO;
				GCC_NO_COMMON_BLOCKS = YES;
				GCC_OPTIMIZATION_LEVEL = 0;
				GCC_PREPROCESSOR_DEFINITIONS = (
					"DEBUG=1",
					"$(inherited)",
				);
				GCC_WARN_64_TO_32_BIT_CONVERSION = YES;
				GCC_WARN_ABOUT_RETURN_TYPE = YES_ERROR;
				GCC_WARN_UNDECLARED_SELECTOR = YES;
				GCC_WARN_UNINITIALIZED_AUTOS = YES_AGGRESSIVE;
				GCC_WARN_UNUSED_FUNCTION = YES;
				GCC_WARN_UNUSED_VARIABLE = YES;
				IPHONEOS_DEPLOYMENT_TARGET = 16.0;
				MTL_ENABLE_DEBUG_INFO = INCLUDE_SOURCE;
				MTL_FAST_MATH = YES;
				ONLY_ACTIVE_ARCH = YES;
				SDKROOT = iphoneos;
				SWIFT_ACTIVE_COMPILATION_CONDITIONS = DEBUG;
				SWIFT_OPTIMIZATION_LEVEL = "-Onone";
			};
			name = Debug;
		};
		661F3FB828FF7ECB00A15415 /* Release */ = {
			isa = XCBuildConfiguration;
			buildSettings = {
				ALWAYS_SEARCH_USER_PATHS = NO;
				CLANG_ANALYZER_LOCALIZABILITY_NONLOCALIZED = YES;
				CLANG_ANALYZER_NONNULL = YES;
				CLANG_ANALYZER_NUMBER_OBJECT_CONVERSION = YES_AGGRESSIVE;
				CLANG_CXX_LANGUAGE_STANDARD = "gnu++20";
				CLANG_ENABLE_MODULES = YES;
				CLANG_ENABLE_OBJC_ARC = YES;
				CLANG_ENABLE_OBJC_WEAK = YES;
				CLANG_WARN_BLOCK_CAPTURE_AUTORELEASING = YES;
				CLANG_WARN_BOOL_CONVERSION = YES;
				CLANG_WARN_COMMA = YES;
				CLANG_WARN_CONSTANT_CONVERSION = YES;
				CLANG_WARN_DEPRECATED_OBJC_IMPLEMENTATIONS = YES;
				CLANG_WARN_DIRECT_OBJC_ISA_USAGE = YES_ERROR;
				CLANG_WARN_DOCUMENTATION_COMMENTS = YES;
				CLANG_WARN_EMPTY_BODY = YES;
				CLANG_WARN_ENUM_CONVERSION = YES;
				CLANG_WARN_INFINITE_RECURSION = YES;
				CLANG_WARN_INT_CONVERSION = YES;
				CLANG_WARN_NON_LITERAL_NULL_CONVERSION = YES;
				CLANG_WARN_OBJC_IMPLICIT_RETAIN_SELF = YES;
				CLANG_WARN_OBJC_LITERAL_CONVERSION = YES;
				CLANG_WARN_OBJC_ROOT_CLASS = YES_ERROR;
				CLANG_WARN_QUOTED_INCLUDE_IN_FRAMEWORK_HEADER = YES;
				CLANG_WARN_RANGE_LOOP_ANALYSIS = YES;
				CLANG_WARN_STRICT_PROTOTYPES = YES;
				CLANG_WARN_SUSPICIOUS_MOVE = YES;
				CLANG_WARN_UNGUARDED_AVAILABILITY = YES_AGGRESSIVE;
				CLANG_WARN_UNREACHABLE_CODE = YES;
				CLANG_WARN__DUPLICATE_METHOD_MATCH = YES;
				COPY_PHASE_STRIP = NO;
				DEBUG_INFORMATION_FORMAT = "dwarf-with-dsym";
				ENABLE_NS_ASSERTIONS = NO;
				ENABLE_STRICT_OBJC_MSGSEND = YES;
				GCC_C_LANGUAGE_STANDARD = gnu11;
				GCC_NO_COMMON_BLOCKS = YES;
				GCC_WARN_64_TO_32_BIT_CONVERSION = YES;
				GCC_WARN_ABOUT_RETURN_TYPE = YES_ERROR;
				GCC_WARN_UNDECLARED_SELECTOR = YES;
				GCC_WARN_UNINITIALIZED_AUTOS = YES_AGGRESSIVE;
				GCC_WARN_UNUSED_FUNCTION = YES;
				GCC_WARN_UNUSED_VARIABLE = YES;
				IPHONEOS_DEPLOYMENT_TARGET = 16.0;
				MTL_ENABLE_DEBUG_INFO = NO;
				MTL_FAST_MATH = YES;
				SDKROOT = iphoneos;
				SWIFT_COMPILATION_MODE = wholemodule;
				SWIFT_OPTIMIZATION_LEVEL = "-O";
				VALIDATE_PRODUCT = YES;
			};
			name = Release;
		};
		661F3FBA28FF7ECB00A15415 /* Debug */ = {
			isa = XCBuildConfiguration;
			baseConfigurationReference = 0C40C62992884D7C3B88E0F8 /* Pods-stop relation.debug.xcconfig */;
			buildSettings = {
				ASSETCATALOG_COMPILER_APPICON_NAME = AppIcon;
				ASSETCATALOG_COMPILER_GLOBAL_ACCENT_COLOR_NAME = AccentColor;
				CODE_SIGN_STYLE = Automatic;
				CURRENT_PROJECT_VERSION = 1;
				DEVELOPMENT_TEAM = RL6XLKL7WG;
				GENERATE_INFOPLIST_FILE = YES;
				INFOPLIST_FILE = "stop relation/Info.plist";
				INFOPLIST_KEY_CFBundleDisplayName = "ペアマッチ";
				INFOPLIST_KEY_UIApplicationSupportsIndirectInputEvents = YES;
				INFOPLIST_KEY_UILaunchStoryboardName = LaunchScreen;
				INFOPLIST_KEY_UIMainStoryboardFile = Main;
				INFOPLIST_KEY_UIStatusBarStyle = "";
				INFOPLIST_KEY_UISupportedInterfaceOrientations = UIInterfaceOrientationPortrait;
				INFOPLIST_KEY_UISupportedInterfaceOrientations_iPad = "UIInterfaceOrientationLandscapeLeft UIInterfaceOrientationLandscapeRight UIInterfaceOrientationPortrait UIInterfaceOrientationPortraitUpsideDown";
				IPHONEOS_DEPLOYMENT_TARGET = 16.0;
				LD_RUNPATH_SEARCH_PATHS = (
					"$(inherited)",
					"@executable_path/Frameworks",
				);
				MARKETING_VERSION = 1.0;
				PRODUCT_BUNDLE_IDENTIFIER = com.begin.stoprelation;
				PRODUCT_NAME = "$(TARGET_NAME)";
				SUPPORTED_PLATFORMS = "iphoneos iphonesimulator";
				SUPPORTS_MACCATALYST = NO;
				SUPPORTS_MAC_DESIGNED_FOR_IPHONE_IPAD = NO;
				SWIFT_EMIT_LOC_STRINGS = YES;
				SWIFT_VERSION = 5.0;
				TARGETED_DEVICE_FAMILY = 1;
			};
			name = Debug;
		};
		661F3FBB28FF7ECB00A15415 /* Release */ = {
			isa = XCBuildConfiguration;
			baseConfigurationReference = 13171A1EDC0C1226F49D797B /* Pods-stop relation.release.xcconfig */;
			buildSettings = {
				ASSETCATALOG_COMPILER_APPICON_NAME = AppIcon;
				ASSETCATALOG_COMPILER_GLOBAL_ACCENT_COLOR_NAME = AccentColor;
				CODE_SIGN_STYLE = Automatic;
				CURRENT_PROJECT_VERSION = 1;
				DEVELOPMENT_TEAM = RL6XLKL7WG;
				GENERATE_INFOPLIST_FILE = YES;
				INFOPLIST_FILE = "stop relation/Info.plist";
				INFOPLIST_KEY_CFBundleDisplayName = "ペアマッチ";
				INFOPLIST_KEY_UIApplicationSupportsIndirectInputEvents = YES;
				INFOPLIST_KEY_UILaunchStoryboardName = LaunchScreen;
				INFOPLIST_KEY_UIMainStoryboardFile = Main;
				INFOPLIST_KEY_UIStatusBarStyle = "";
				INFOPLIST_KEY_UISupportedInterfaceOrientations = UIInterfaceOrientationPortrait;
				INFOPLIST_KEY_UISupportedInterfaceOrientations_iPad = "UIInterfaceOrientationLandscapeLeft UIInterfaceOrientationLandscapeRight UIInterfaceOrientationPortrait UIInterfaceOrientationPortraitUpsideDown";
				IPHONEOS_DEPLOYMENT_TARGET = 16.0;
				LD_RUNPATH_SEARCH_PATHS = (
					"$(inherited)",
					"@executable_path/Frameworks",
				);
				MARKETING_VERSION = 1.0;
				PRODUCT_BUNDLE_IDENTIFIER = com.begin.stoprelation;
				PRODUCT_NAME = "$(TARGET_NAME)";
				SUPPORTED_PLATFORMS = "iphoneos iphonesimulator";
				SUPPORTS_MACCATALYST = NO;
				SUPPORTS_MAC_DESIGNED_FOR_IPHONE_IPAD = NO;
				SWIFT_EMIT_LOC_STRINGS = YES;
				SWIFT_VERSION = 5.0;
				TARGETED_DEVICE_FAMILY = 1;
			};
			name = Release;
		};
/* End XCBuildConfiguration section */

/* Begin XCConfigurationList section */
		661F3FA028FF7EC900A15415 /* Build configuration list for PBXProject "stop relation" */ = {
			isa = XCConfigurationList;
			buildConfigurations = (
				661F3FB728FF7ECB00A15415 /* Debug */,
				661F3FB828FF7ECB00A15415 /* Release */,
			);
			defaultConfigurationIsVisible = 0;
			defaultConfigurationName = Release;
		};
		661F3FB928FF7ECB00A15415 /* Build configuration list for PBXNativeTarget "stop relation" */ = {
			isa = XCConfigurationList;
			buildConfigurations = (
				661F3FBA28FF7ECB00A15415 /* Debug */,
				661F3FBB28FF7ECB00A15415 /* Release */,
			);
			defaultConfigurationIsVisible = 0;
			defaultConfigurationName = Release;
		};
/* End XCConfigurationList section */
	};
	rootObject = 661F3F9D28FF7EC900A15415 /* Project object */;
}
